{
  "lockfileVersion": 1,
  "configVersion": 1,
  "workspaces": {
    "": {
      "name": "scraper-poc",
      "dependencies": {
        "cheerio": "^1.2.0",
        "playwright": "^1.58.2",
        "zod": "^4.3.6",
      },
      "devDependencies": {
        "@biomejs/biome": "^2.4.2",
        "@types/bun": "latest",
        "lefthook": "^2.1.1",
      },
      "peerDependencies": {
        "typescript": "^5",
      },
    },
  },
  "packages": {
    "@biomejs/biome": ["@biomejs/biome@2.4.2", "", { "optionalDependencies": { "@biomejs/cli-darwin-arm64": "2.4.2", "@biomejs/cli-darwin-x64": "2.4.2", "@biomejs/cli-linux-arm64": "2.4.2", "@biomejs/cli-linux-arm64-musl": "2.4.2", "@biomejs/cli-linux-x64": "2.4.2", "@biomejs/cli-linux-x64-musl": "2.4.2", "@biomejs/cli-win32-arm64": "2.4.2", "@biomejs/cli-win32-x64": "2.4.2" }, "bin": { "biome": "bin/biome" } }, "sha512-vVE/FqLxNLbvYnFDYg3Xfrh1UdFhmPT5i+yPT9GE2nTUgI4rkqo5krw5wK19YHBd7aE7J6r91RRmb8RWwkjy6w=="],

    "@biomejs/cli-darwin-arm64": ["@biomejs/cli-darwin-arm64@2.4.2", "", { "os": "darwin", "cpu": "arm64" }, "sha512-3pEcKCP/1POKyaZZhXcxFl3+d9njmeAihZ17k8lL/1vk+6e0Cbf0yPzKItFiT+5Yh6TQA4uKvnlqe0oVZwRxCA=="],

    "@biomejs/cli-darwin-x64": ["@biomejs/cli-darwin-x64@2.4.2", "", { "os": "darwin", "cpu": "x64" }, "sha512-P7hK1jLVny+0R9UwyGcECxO6sjETxfPyBm/1dmFjnDOHgdDPjPqozByunrwh4xPKld8sxOr5eAsSqal5uKgeBg=="],

    "@biomejs/cli-linux-arm64": ["@biomejs/cli-linux-arm64@2.4.2", "", { "os": "linux", "cpu": "arm64" }, "sha512-DI3Mi7GT2zYNgUTDEbSjl3e1KhoP76OjQdm8JpvZYZWtVDRyLd3w8llSr2TWk1z+U3P44kUBWY3X7H9MD1/DGQ=="],

    "@biomejs/cli-linux-arm64-musl": ["@biomejs/cli-linux-arm64-musl@2.4.2", "", { "os": "linux", "cpu": "arm64" }, "sha512-/x04YK9+7erw6tYEcJv9WXoBHcULI/wMOvNdAyE9S3JStZZ9yJyV67sWAI+90UHuDo/BDhq0d96LDqGlSVv7WA=="],

    "@biomejs/cli-linux-x64": ["@biomejs/cli-linux-x64@2.4.2", "", { "os": "linux", "cpu": "x64" }, "sha512-GK2ErnrKpWFigYP68cXiCHK4RTL4IUWhK92AFS3U28X/nuAL5+hTuy6hyobc8JZRSt+upXt1nXChK+tuHHx4mA=="],

    "@biomejs/cli-linux-x64-musl": ["@biomejs/cli-linux-x64-musl@2.4.2", "", { "os": "linux", "cpu": "x64" }, "sha512-wbBmTkeAoAYbOQ33f6sfKG7pcRSydQiF+dTYOBjJsnXO2mWEOQHllKlC2YVnedqZFERp2WZhFUoO7TNRwnwEHQ=="],

    "@biomejs/cli-win32-arm64": ["@biomejs/cli-win32-arm64@2.4.2", "", { "os": "win32", "cpu": "arm64" }, "sha512-k2uqwLYrNNxnaoiW3RJxoMGnbKda8FuCmtYG3cOtVljs3CzWxaTR+AoXwKGHscC9thax9R4kOrtWqWN0+KdPTw=="],

    "@biomejs/cli-win32-x64": ["@biomejs/cli-win32-x64@2.4.2", "", { "os": "win32", "cpu": "x64" }, "sha512-9ma7C4g8Sq3cBlRJD2yrsHXB1mnnEBdpy7PhvFrylQWQb4PoyCmPucdX7frvsSBQuFtIiKCrolPl/8tCZrKvgQ=="],

    "@types/bun": ["@types/bun@1.3.9", "", { "dependencies": { "bun-types": "1.3.9" } }, "sha512-KQ571yULOdWJiMH+RIWIOZ7B2RXQGpL1YQrBtLIV3FqDcCu6FsbFUBwhdKUlCKUpS3PJDsHlJ1QKlpxoVR+xtw=="],

    "@types/node": ["@types/node@25.2.3", "", { "dependencies": { "undici-types": "~7.16.0" } }, "sha512-m0jEgYlYz+mDJZ2+F4v8D1AyQb+QzsNqRuI7xg1VQX/KlKS0qT9r1Mo16yo5F/MtifXFgaofIFsdFMox2SxIbQ=="],

    "boolbase": ["boolbase@1.0.0", "", {}, "sha512-JZOSA7Mo9sNGB8+UjSgzdLtokWAky1zbztM3WRLCbZ70/3cTANmQmOdR7y2g+J0e2WXywy1yS468tY+IruqEww=="],

    "bun-types": ["bun-types@1.3.9", "", { "dependencies": { "@types/node": "*" } }, "sha512-+UBWWOakIP4Tswh0Bt0QD0alpTY8cb5hvgiYeWCMet9YukHbzuruIEeXC2D7nMJPB12kbh8C7XJykSexEqGKJg=="],

    "cheerio": ["cheerio@1.2.0", "", { "dependencies": { "cheerio-select": "^2.1.0", "dom-serializer": "^2.0.0", "domhandler": "^5.0.3", "domutils": "^3.2.2", "encoding-sniffer": "^0.2.1", "htmlparser2": "^10.1.0", "parse5": "^7.3.0", "parse5-htmlparser2-tree-adapter": "^7.1.0", "parse5-parser-stream": "^7.1.2", "undici": "^7.19.0", "whatwg-mimetype": "^4.0.0" } }, "sha512-WDrybc/gKFpTYQutKIK6UvfcuxijIZfMfXaYm8NMsPQxSYvf+13fXUJ4rztGGbJcBQ/GF55gvrZ0Bc0bj/mqvg=="],

    "cheerio-select": ["cheerio-select@2.1.0", "", { "dependencies": { "boolbase": "^1.0.0", "css-select": "^5.1.0", "css-what": "^6.1.0", "domelementtype": "^2.3.0", "domhandler": "^5.0.3", "domutils": "^3.0.1" } }, "sha512-9v9kG0LvzrlcungtnJtpGNxY+fzECQKhK4EGJX2vByejiMX84MFNQw4UxPJl3bFbTMw+Dfs37XaIkCwTZfLh4g=="],

    "css-select": ["css-select@5.2.2", "", { "dependencies": { "boolbase": "^1.0.0", "css-what": "^6.1.0", "domhandler": "^5.0.2", "domutils": "^3.0.1", "nth-check": "^2.0.1" } }, "sha512-TizTzUddG/xYLA3NXodFM0fSbNizXjOKhqiQQwvhlspadZokn1KDy0NZFS0wuEubIYAV5/c1/lAr0TaaFXEXzw=="],

    "css-what": ["css-what@6.2.2", "", {}, "sha512-u/O3vwbptzhMs3L1fQE82ZSLHQQfto5gyZzwteVIEyeaY5Fc7R4dapF/BvRoSYFeqfBk4m0V1Vafq5Pjv25wvA=="],

    "dom-serializer": ["dom-serializer@2.0.0", "", { "dependencies": { "domelementtype": "^2.3.0", "domhandler": "^5.0.2", "entities": "^4.2.0" } }, "sha512-wIkAryiqt/nV5EQKqQpo3SToSOV9J0DnbJqwK7Wv/Trc92zIAYZ4FlMu+JPFW1DfGFt81ZTCGgDEabffXeLyJg=="],

    "domelementtype": ["domelementtype@2.3.0", "", {}, "sha512-OLETBj6w0OsagBwdXnPdN0cnMfF9opN69co+7ZrbfPGrdpPVNBUj02spi6B1N7wChLQiPn4CSH/zJvXw56gmHw=="],

    "domhandler": ["domhandler@5.0.3", "", { "dependencies": { "domelementtype": "^2.3.0" } }, "sha512-cgwlv/1iFQiFnU96XXgROh8xTeetsnJiDsTc7TYCLFd9+/WNkIqPTxiM/8pSd8VIrhXGTf1Ny1q1hquVqDJB5w=="],

    "domutils": ["domutils@3.2.2", "", { "dependencies": { "dom-serializer": "^2.0.0", "domelementtype": "^2.3.0", "domhandler": "^5.0.3" } }, "sha512-6kZKyUajlDuqlHKVX1w7gyslj9MPIXzIFiz/rGu35uC1wMi+kMhQwGhl4lt9unC9Vb9INnY9Z3/ZA3+FhASLaw=="],

    "encoding-sniffer": ["encoding-sniffer@0.2.1", "", { "dependencies": { "iconv-lite": "^0.6.3", "whatwg-encoding": "^3.1.1" } }, "sha512-5gvq20T6vfpekVtqrYQsSCFZ1wEg5+wW0/QaZMWkFr6BqD3NfKs0rLCx4rrVlSWJeZb5NBJgVLswK/w2MWU+Gw=="],

    "entities": ["entities@4.5.0", "", {}, "sha512-V0hjH4dGPh9Ao5p0MoRY6BVqtwCjhz6vI5LT8AJ55H+4g9/4vbHx1I54fS0XuclLhDHArPQCiMjDxjaL8fPxhw=="],

    "fsevents": ["fsevents@2.3.2", "", { "os": "darwin" }, "sha512-xiqMQR4xAeHTuB9uWm+fFRcIOgKBMiOBP+eXiyT7jsgVCq1bkVygt00oASowB7EdtpOHaaPgKt812P9ab+DDKA=="],

    "htmlparser2": ["htmlparser2@10.1.0", "", { "dependencies": { "domelementtype": "^2.3.0", "domhandler": "^5.0.3", "domutils": "^3.2.2", "entities": "^7.0.1" } }, "sha512-VTZkM9GWRAtEpveh7MSF6SjjrpNVNNVJfFup7xTY3UpFtm67foy9HDVXneLtFVt4pMz5kZtgNcvCniNFb1hlEQ=="],

    "iconv-lite": ["iconv-lite@0.6.3", "", { "dependencies": { "safer-buffer": ">= 2.1.2 < 3.0.0" } }, "sha512-4fCk79wshMdzMp2rH06qWrJE4iolqLhCUH+OiuIgU++RB0+94NlDL81atO7GX55uUKueo0txHNtvEyI6D7WdMw=="],

    "lefthook": ["lefthook@2.1.1", "", { "optionalDependencies": { "lefthook-darwin-arm64": "2.1.1", "lefthook-darwin-x64": "2.1.1", "lefthook-freebsd-arm64": "2.1.1", "lefthook-freebsd-x64": "2.1.1", "lefthook-linux-arm64": "2.1.1", "lefthook-linux-x64": "2.1.1", "lefthook-openbsd-arm64": "2.1.1", "lefthook-openbsd-x64": "2.1.1", "lefthook-windows-arm64": "2.1.1", "lefthook-windows-x64": "2.1.1" }, "bin": { "lefthook": "bin/index.js" } }, "sha512-Tl9h9c+sG3ShzTHKuR3LAIblnnh+Mgxnm2Ul7yu9cu260Z27LEbO3V6Zw4YZFP59/2rlD42pt/llYsQCkkCFzw=="],

    "lefthook-darwin-arm64": ["lefthook-darwin-arm64@2.1.1", "", { "os": "darwin", "cpu": "arm64" }, "sha512-O/RS1j03/Fnq5zCzEb2r7UOBsqPeBuf1C5pMkIJcO4TSE6hf3rhLUkcorKc2M5ni/n5zLGtzQUXHV08/fSAT3Q=="],

    "lefthook-darwin-x64": ["lefthook-darwin-x64@2.1.1", "", { "os": "darwin", "cpu": "x64" }, "sha512-mm/kdKl81ROPoYnj9XYk5JDqj+/6Al8w/SSPDfhItkLJyl4pqS+hWUOP6gDGrnuRk8S0DvJ2+hzhnDsQnZohWQ=="],

    "lefthook-freebsd-arm64": ["lefthook-freebsd-arm64@2.1.1", "", { "os": "freebsd", "cpu": "arm64" }, "sha512-F7JXlKmjxGqGbCWPLND0bVB4DMQezIe48pEwTlUQZbxh450c2gP5Q8FdttMZKOT163kBGGTqJAJSEC6zW+QSxA=="],

    "lefthook-freebsd-x64": ["lefthook-freebsd-x64@2.1.1", "", { "os": "freebsd", "cpu": "x64" }, "sha512-Po8/lJMqNzKSZPuEI46dLuWoBoXtAxCuRpeOh6DAV/M4RhBynaCu8rLMZ9BqF7cVbZEWoplOmYo6HdOuiYpCkQ=="],

    "lefthook-linux-arm64": ["lefthook-linux-arm64@2.1.1", "", { "os": "linux", "cpu": "arm64" }, "sha512-mI2ljFgPEqHxI8vrN9nKgnVu63Rz1KisDbPwlvs7BTYNwq3sncdK5ukpGR4zzWdh6saNJ5tCtHEtep5GQI11nw=="],

    "lefthook-linux-x64": ["lefthook-linux-x64@2.1.1", "", { "os": "linux", "cpu": "x64" }, "sha512-m3G/FaxC+crxeg9XeaUuHfEoL+i9gbkg2Hp2KD2IcVVIxprqlyqf0Hb8zbLV2NMXuo5RSGokJu44oAoTO3Ou2g=="],

    "lefthook-openbsd-arm64": ["lefthook-openbsd-arm64@2.1.1", "", { "os": "openbsd", "cpu": "arm64" }, "sha512-gz/8FJPvhjOdOFt1GmFvuvDOe+W+BBRjoeAT1/mTgkN7HCXMXgqNjjvakQKQeGz1I1v08wXG1ZNf5y+T9XBCDQ=="],

    "lefthook-openbsd-x64": ["lefthook-openbsd-x64@2.1.1", "", { "os": "openbsd", "cpu": "x64" }, "sha512-ch3lyMUtbmtWUufaQVn4IoEs/2hjK51XqaCdY1mh5ca//VctR1peknIwQ5feHu+vATCDviWQ7HsdNDewm3HMPg=="],

    "lefthook-windows-arm64": ["lefthook-windows-arm64@2.1.1", "", { "os": "win32", "cpu": "arm64" }, "sha512-mm3PZhKDs9FE/jQDimkfWxtoj9xQ2k8uw2MdhtC825bhvIh+MEi0WFj/MOW+ug0RBg0I55tGYzZ5aVuozAWpTQ=="],

    "lefthook-windows-x64": ["lefthook-windows-x64@2.1.1", "", { "os": "win32", "cpu": "x64" }, "sha512-1L2oGIzmhfOTxfwbe5mpSQ+m3ilpvGNymwIhn4UHq6hwHsUL6HEhODqx02GfBn6OXpVIr56bvdBAusjL/SVYGQ=="],

    "nth-check": ["nth-check@2.1.1", "", { "dependencies": { "boolbase": "^1.0.0" } }, "sha512-lqjrjmaOoAnWfMmBPL+XNnynZh2+swxiX3WUE0s4yEHI6m+AwrK2UZOimIRl3X/4QctVqS8AiZjFqyOGrMXb/w=="],

    "parse5": ["parse5@7.3.0", "", { "dependencies": { "entities": "^6.0.0" } }, "sha512-IInvU7fabl34qmi9gY8XOVxhYyMyuH2xUNpb2q8/Y+7552KlejkRvqvD19nMoUW/uQGGbqNpA6Tufu5FL5BZgw=="],

    "parse5-htmlparser2-tree-adapter": ["parse5-htmlparser2-tree-adapter@7.1.0", "", { "dependencies": { "domhandler": "^5.0.3", "parse5": "^7.0.0" } }, "sha512-ruw5xyKs6lrpo9x9rCZqZZnIUntICjQAd0Wsmp396Ul9lN/h+ifgVV1x1gZHi8euej6wTfpqX8j+BFQxF0NS/g=="],

    "parse5-parser-stream": ["parse5-parser-stream@7.1.2", "", { "dependencies": { "parse5": "^7.0.0" } }, "sha512-JyeQc9iwFLn5TbvvqACIF/VXG6abODeB3Fwmv/TGdLk2LfbWkaySGY72at4+Ty7EkPZj854u4CrICqNk2qIbow=="],

    "playwright": ["playwright@1.58.2", "", { "dependencies": { "playwright-core": "1.58.2" }, "optionalDependencies": { "fsevents": "2.3.2" }, "bin": { "playwright": "cli.js" } }, "sha512-vA30H8Nvkq/cPBnNw4Q8TWz1EJyqgpuinBcHET0YVJVFldr8JDNiU9LaWAE1KqSkRYazuaBhTpB5ZzShOezQ6A=="],

    "playwright-core": ["playwright-core@1.58.2", "", { "bin": { "playwright-core": "cli.js" } }, "sha512-yZkEtftgwS8CsfYo7nm0KE8jsvm6i/PTgVtB8DL726wNf6H2IMsDuxCpJj59KDaxCtSnrWan2AeDqM7JBaultg=="],

    "safer-buffer": ["safer-buffer@2.1.2", "", {}, "sha512-YZo3K82SD7Riyi0E1EQPojLz7kpepnSQI9IyPbHHg1XXXevb5dJI7tpyN2ADxGcQbHG7vcyRHk0cbwqcQriUtg=="],

    "typescript": ["typescript@5.9.3", "", { "bin": { "tsc": "bin/tsc", "tsserver": "bin/tsserver" } }, "sha512-jl1vZzPDinLr9eUt3J/t7V6FgNEw9QjvBPdysz9KfQDD41fQrC2Y4vKQdiaUpFT4bXlb1RHhLpp8wtm6M5TgSw=="],

    "undici": ["undici@7.21.0", "", {}, "sha512-Hn2tCQpoDt1wv23a68Ctc8Cr/BHpUSfaPYrkajTXOS9IKpxVRx/X5m1K2YkbK2ipgZgxXSgsUinl3x+2YdSSfg=="],

    "undici-types": ["undici-types@7.16.0", "", {}, "sha512-Zz+aZWSj8LE6zoxD+xrjh4VfkIG8Ya6LvYkZqtUQGJPZjYl53ypCaUwWqo7eI0x66KBGeRo+mlBEkMSeSZ38Nw=="],

    "whatwg-encoding": ["whatwg-encoding@3.1.1", "", { "dependencies": { "iconv-lite": "0.6.3" } }, "sha512-6qN4hJdMwfYBtE3YBTTHhoeuUrDBPZmbQaxWAqSALV/MeEnR5z1xd8UKud2RAkFoPkmB+hli1TZSnyi84xz1vQ=="],

    "whatwg-mimetype": ["whatwg-mimetype@4.0.0", "", {}, "sha512-QaKxh0eNIi2mE9p2vEdzfagOKHCcj1pJ56EEHGQOVxp8r9/iszLUUV7v89x9O1p/T+NlTM5W7jW6+cz4Fq1YVg=="],

    "zod": ["zod@4.3.6", "", {}, "sha512-rftlrkhHZOcjDwkGlnUtZZkvaPHCsDATp4pGpuOOMDaTdDDXF91wuVDJoWoPsKX/3YPQ5fHuF3STjcYyKr+Qhg=="],

    "htmlparser2/entities": ["entities@7.0.1", "", {}, "sha512-TWrgLOFUQTH994YUyl1yT4uyavY5nNB5muff+RtWaqNVCAK408b5ZnnbNAUEWLTCpum9w6arT70i1XdQ4UeOPA=="],

    "parse5/entities": ["entities@6.0.1", "", {}, "sha512-aN97NXWF6AWBTahfVOIrB/NShkzi5H7F9r1s9mD3cDj4Ko5f2qhhVoYMibXF7GlLveb/D2ioWay8lxI97Ven3g=="],
  }
}
